// !$*UTF8*$!
{
	archiveVersion = 1;
	classes = {
	};
	objectVersion = 48;
	objects = {

/* Begin PBXBuildFile section */
		EA05D9371FD5422C00F952D0 /* Category.swift in Sources */ = {isa = PBXBuildFile; fileRef = EA05D9361FD5422C00F952D0 /* Category.swift */; };
		EA0704A92007DD94002592A2 /* Current Music.plist in Resources */ = {isa = PBXBuildFile; fileRef = EA0704A82007DD94002592A2 /* Current Music.plist */; };
		EA35816D2031902400CC1200 /* LaunchScreenViewController.swift in Sources */ = {isa = PBXBuildFile; fileRef = EA35816C2031902400CC1200 /* LaunchScreenViewController.swift */; };
		EA358170203190F600CC1200 /* UIColor+FontExtentions.swift in Sources */ = {isa = PBXBuildFile; fileRef = EA35816F203190F600CC1200 /* UIColor+FontExtentions.swift */; };
		EA3F72F0203C14380087FA8E /* CountingLabel.swift in Sources */ = {isa = PBXBuildFile; fileRef = EA3F72EF203C14380087FA8E /* CountingLabel.swift */; };
		EA3F72F3203D6C590087FA8E /* StoryboardIdentifiers.swift in Sources */ = {isa = PBXBuildFile; fileRef = EA3F72F2203D6C590087FA8E /* StoryboardIdentifiers.swift */; };
		EA3F72F7203D733D0087FA8E /* CategoriesSectionHeader.swift in Sources */ = {isa = PBXBuildFile; fileRef = EA3F72F6203D733D0087FA8E /* CategoriesSectionHeader.swift */; };
		EA5A8EE51FEA82000054934C /* DataController.swift in Sources */ = {isa = PBXBuildFile; fileRef = EA5A8EE41FEA82000054934C /* DataController.swift */; };
		EA5C2B9C2025E6EC0000995E /* CategoriesCollectionViewCell.swift in Sources */ = {isa = PBXBuildFile; fileRef = EA5C2B9B2025E6EC0000995E /* CategoriesCollectionViewCell.swift */; };
		EA5C2B9E202888B50000995E /* CollectionViewController.swift in Sources */ = {isa = PBXBuildFile; fileRef = EA5C2B9D202888B50000995E /* CollectionViewController.swift */; };
		EA601CB71FFE9B1B0090A65D /* QuizCompletedViewController.swift in Sources */ = {isa = PBXBuildFile; fileRef = EA601CB61FFE9B1B0090A65D /* QuizCompletedViewController.swift */; };
		EAB2CE171FD01F1E00542946 /* AppDelegate.swift in Sources */ = {isa = PBXBuildFile; fileRef = EAB2CE161FD01F1E00542946 /* AppDelegate.swift */; };
		EAB2CE191FD01F1F00542946 /* MainQuizController.swift in Sources */ = {isa = PBXBuildFile; fileRef = EAB2CE181FD01F1F00542946 /* MainQuizController.swift */; };
		EAB2CE1C1FD01F1F00542946 /* Main.storyboard in Resources */ = {isa = PBXBuildFile; fileRef = EAB2CE1A1FD01F1F00542946 /* Main.storyboard */; };
		EAB2CE1E1FD01F1F00542946 /* Assets.xcassets in Resources */ = {isa = PBXBuildFile; fileRef = EAB2CE1D1FD01F1F00542946 /* Assets.xcassets */; };
		EAB2CE211FD01F1F00542946 /* LaunchScreen.storyboard in Resources */ = {isa = PBXBuildFile; fileRef = EAB2CE1F1FD01F1F00542946 /* LaunchScreen.storyboard */; };
		EAB2CE291FD0486A00542946 /* StartMenuViewController.swift in Sources */ = {isa = PBXBuildFile; fileRef = EAB2CE281FD0486A00542946 /* StartMenuViewController.swift */; };
		EAB2CE301FD096E400542946 /* Noughties.plist in Resources */ = {isa = PBXBuildFile; fileRef = EAB2CE2F1FD096E400542946 /* Noughties.plist */; };
		EAE790A520342B780025C9E2 /* UIViewPopAnimationExtentions.swift in Sources */ = {isa = PBXBuildFile; fileRef = EAE790A420342B780025C9E2 /* UIViewPopAnimationExtentions.swift */; };
		EB444A9E465F4E9F6E6B42B4 /* Pods_MusicQuizApp.framework in Frameworks */ = {isa = PBXBuildFile; fileRef = 8250CB8B4BF4A6D19B108248 /* Pods_MusicQuizApp.framework */; };
/* End PBXBuildFile section */

/* Begin PBXFileReference section */
		0A83176D66DBE035393183EE /* Pods-MusicQuizApp.debug.xcconfig */ = {isa = PBXFileReference; includeInIndex = 1; lastKnownFileType = text.xcconfig; name = "Pods-MusicQuizApp.debug.xcconfig"; path = "Pods/Target Support Files/Pods-MusicQuizApp/Pods-MusicQuizApp.debug.xcconfig"; sourceTree = "<group>"; };
		8250CB8B4BF4A6D19B108248 /* Pods_MusicQuizApp.framework */ = {isa = PBXFileReference; explicitFileType = wrapper.framework; includeInIndex = 0; path = Pods_MusicQuizApp.framework; sourceTree = BUILT_PRODUCTS_DIR; };
		A78DFA0E3F424535EB0D9040 /* Pods-MusicQuizApp.release.xcconfig */ = {isa = PBXFileReference; includeInIndex = 1; lastKnownFileType = text.xcconfig; name = "Pods-MusicQuizApp.release.xcconfig"; path = "Pods/Target Support Files/Pods-MusicQuizApp/Pods-MusicQuizApp.release.xcconfig"; sourceTree = "<group>"; };
		EA05D9361FD5422C00F952D0 /* Category.swift */ = {isa = PBXFileReference; lastKnownFileType = sourcecode.swift; path = Category.swift; sourceTree = "<group>"; };
		EA0704A82007DD94002592A2 /* Current Music.plist */ = {isa = PBXFileReference; lastKnownFileType = text.plist.xml; path = "Current Music.plist"; sourceTree = "<group>"; };
		EA35816C2031902400CC1200 /* LaunchScreenViewController.swift */ = {isa = PBXFileReference; lastKnownFileType = sourcecode.swift; path = LaunchScreenViewController.swift; sourceTree = "<group>"; };
		EA35816F203190F600CC1200 /* UIColor+FontExtentions.swift */ = {isa = PBXFileReference; lastKnownFileType = sourcecode.swift; path = "UIColor+FontExtentions.swift"; sourceTree = "<group>"; };
		EA3F72EF203C14380087FA8E /* CountingLabel.swift */ = {isa = PBXFileReference; lastKnownFileType = sourcecode.swift; path = CountingLabel.swift; sourceTree = "<group>"; };
		EA3F72F2203D6C590087FA8E /* StoryboardIdentifiers.swift */ = {isa = PBXFileReference; lastKnownFileType = sourcecode.swift; path = StoryboardIdentifiers.swift; sourceTree = "<group>"; };
		EA3F72F6203D733D0087FA8E /* CategoriesSectionHeader.swift */ = {isa = PBXFileReference; lastKnownFileType = sourcecode.swift; path = CategoriesSectionHeader.swift; sourceTree = "<group>"; };
		EA5A8EE41FEA82000054934C /* DataController.swift */ = {isa = PBXFileReference; lastKnownFileType = sourcecode.swift; path = DataController.swift; sourceTree = "<group>"; };
		EA5C2B9B2025E6EC0000995E /* CategoriesCollectionViewCell.swift */ = {isa = PBXFileReference; lastKnownFileType = sourcecode.swift; path = CategoriesCollectionViewCell.swift; sourceTree = "<group>"; };
		EA5C2B9D202888B50000995E /* CollectionViewController.swift */ = {isa = PBXFileReference; lastKnownFileType = sourcecode.swift; path = CollectionViewController.swift; sourceTree = "<group>"; };
		EA601CB61FFE9B1B0090A65D /* QuizCompletedViewController.swift */ = {isa = PBXFileReference; lastKnownFileType = sourcecode.swift; path = QuizCompletedViewController.swift; sourceTree = "<group>"; };
		EAB2CE131FD01F1E00542946 /* MusicQuizApp.app */ = {isa = PBXFileReference; explicitFileType = wrapper.application; includeInIndex = 0; path = MusicQuizApp.app; sourceTree = BUILT_PRODUCTS_DIR; };
		EAB2CE161FD01F1E00542946 /* AppDelegate.swift */ = {isa = PBXFileReference; lastKnownFileType = sourcecode.swift; path = AppDelegate.swift; sourceTree = "<group>"; };
		EAB2CE181FD01F1F00542946 /* MainQuizController.swift */ = {isa = PBXFileReference; lastKnownFileType = sourcecode.swift; path = MainQuizController.swift; sourceTree = "<group>"; };
		EAB2CE1B1FD01F1F00542946 /* Base */ = {isa = PBXFileReference; lastKnownFileType = file.storyboard; name = Base; path = Base.lproj/Main.storyboard; sourceTree = "<group>"; };
		EAB2CE1D1FD01F1F00542946 /* Assets.xcassets */ = {isa = PBXFileReference; lastKnownFileType = folder.assetcatalog; path = Assets.xcassets; sourceTree = "<group>"; };
		EAB2CE201FD01F1F00542946 /* Base */ = {isa = PBXFileReference; lastKnownFileType = file.storyboard; name = Base; path = Base.lproj/LaunchScreen.storyboard; sourceTree = "<group>"; };
		EAB2CE221FD01F1F00542946 /* Info.plist */ = {isa = PBXFileReference; lastKnownFileType = text.plist.xml; path = Info.plist; sourceTree = "<group>"; };
		EAB2CE281FD0486A00542946 /* StartMenuViewController.swift */ = {isa = PBXFileReference; lastKnownFileType = sourcecode.swift; path = StartMenuViewController.swift; sourceTree = "<group>"; };
		EAB2CE2F1FD096E400542946 /* Noughties.plist */ = {isa = PBXFileReference; lastKnownFileType = text.plist.xml; path = Noughties.plist; sourceTree = "<group>"; };
		EAE790A420342B780025C9E2 /* UIViewPopAnimationExtentions.swift */ = {isa = PBXFileReference; lastKnownFileType = sourcecode.swift; path = UIViewPopAnimationExtentions.swift; sourceTree = "<group>"; };
/* End PBXFileReference section */

/* Begin PBXFrameworksBuildPhase section */
		EAB2CE101FD01F1E00542946 /* Frameworks */ = {
			isa = PBXFrameworksBuildPhase;
			buildActionMask = 2147483647;
			files = (
				EB444A9E465F4E9F6E6B42B4 /* Pods_MusicQuizApp.framework in Frameworks */,
			);
			runOnlyForDeploymentPostprocessing = 0;
		};
/* End PBXFrameworksBuildPhase section */

/* Begin PBXGroup section */
		2ABED00265167F1E7E12EFC0 /* Frameworks */ = {
			isa = PBXGroup;
			children = (
				8250CB8B4BF4A6D19B108248 /* Pods_MusicQuizApp.framework */,
			);
			name = Frameworks;
			sourceTree = "<group>";
		};
		EA05D9351FD5420C00F952D0 /* CategoriesSection */ = {
			isa = PBXGroup;
			children = (
				EA05D9361FD5422C00F952D0 /* Category.swift */,
				EA5C2B9B2025E6EC0000995E /* CategoriesCollectionViewCell.swift */,
				EA5C2B9D202888B50000995E /* CollectionViewController.swift */,
				EA3F72F6203D733D0087FA8E /* CategoriesSectionHeader.swift */,
			);
			path = CategoriesSection;
			sourceTree = "<group>";
		};
		EA05D9381FD546EB00F952D0 /* StartSection */ = {
			isa = PBXGroup;
			children = (
				EAB2CE281FD0486A00542946 /* StartMenuViewController.swift */,
			);
			path = StartSection;
			sourceTree = "<group>";
		};
		EA05D9391FD546FE00F952D0 /* GameSection */ = {
			isa = PBXGroup;
			children = (
				EAB2CE181FD01F1F00542946 /* MainQuizController.swift */,
			);
			path = GameSection;
			sourceTree = "<group>";
		};
		EA0704A72007DD6F002592A2 /* QuizData */ = {
			isa = PBXGroup;
			children = (
				EAB2CE2F1FD096E400542946 /* Noughties.plist */,
				EA0704A82007DD94002592A2 /* Current Music.plist */,
			);
			path = QuizData;
			sourceTree = "<group>";
		};
		EA35816E203190D600CC1200 /* Extensions */ = {
			isa = PBXGroup;
			children = (
				EA35816F203190F600CC1200 /* UIColor+FontExtentions.swift */,
				EAE790A420342B780025C9E2 /* UIViewPopAnimationExtentions.swift */,
			);
			path = Extensions;
			sourceTree = "<group>";
		};
		EA3F72F1203D6C490087FA8E /* Helpers */ = {
			isa = PBXGroup;
			children = (
				EA3F72F2203D6C590087FA8E /* StoryboardIdentifiers.swift */,
			);
			path = Helpers;
			sourceTree = "<group>";
		};
		EA5A8EE31FEA81E70054934C /* QuestionSection */ = {
			isa = PBXGroup;
			children = (
				EA5A8EE41FEA82000054934C /* DataController.swift */,
			);
			path = QuestionSection;
			sourceTree = "<group>";
		};
		EA601CB51FFE9AF90090A65D /* CompletedSection */ = {
			isa = PBXGroup;
			children = (
				EA601CB61FFE9B1B0090A65D /* QuizCompletedViewController.swift */,
				EA3F72EF203C14380087FA8E /* CountingLabel.swift */,
			);
			path = CompletedSection;
			sourceTree = "<group>";
		};
		EAB2CE0A1FD01F1E00542946 = {
			isa = PBXGroup;
			children = (
				EAB2CE151FD01F1E00542946 /* MusicQuizApp */,
				EAB2CE141FD01F1E00542946 /* Products */,
				FD093CA6E8E69CA8639BE81A /* Pods */,
				2ABED00265167F1E7E12EFC0 /* Frameworks */,
			);
			sourceTree = "<group>";
		};
		EAB2CE141FD01F1E00542946 /* Products */ = {
			isa = PBXGroup;
			children = (
				EAB2CE131FD01F1E00542946 /* MusicQuizApp.app */,
			);
			name = Products;
			sourceTree = "<group>";
		};
		EAB2CE151FD01F1E00542946 /* MusicQuizApp */ = {
			isa = PBXGroup;
			children = (
				EA3F72F1203D6C490087FA8E /* Helpers */,
				EA35816E203190D600CC1200 /* Extensions */,
				EA0704A72007DD6F002592A2 /* QuizData */,
				EA601CB51FFE9AF90090A65D /* CompletedSection */,
				EA5A8EE31FEA81E70054934C /* QuestionSection */,
				EA05D9391FD546FE00F952D0 /* GameSection */,
				EA05D9381FD546EB00F952D0 /* StartSection */,
				EA05D9351FD5420C00F952D0 /* CategoriesSection */,
				EAB2CE161FD01F1E00542946 /* AppDelegate.swift */,
				EAB2CE1A1FD01F1F00542946 /* Main.storyboard */,
				EAB2CE1D1FD01F1F00542946 /* Assets.xcassets */,
				EAB2CE1F1FD01F1F00542946 /* LaunchScreen.storyboard */,
				EAB2CE221FD01F1F00542946 /* Info.plist */,
				EA35816C2031902400CC1200 /* LaunchScreenViewController.swift */,
			);
			path = MusicQuizApp;
			sourceTree = "<group>";
		};
		FD093CA6E8E69CA8639BE81A /* Pods */ = {
			isa = PBXGroup;
			children = (
				0A83176D66DBE035393183EE /* Pods-MusicQuizApp.debug.xcconfig */,
				A78DFA0E3F424535EB0D9040 /* Pods-MusicQuizApp.release.xcconfig */,
			);
			name = Pods;
			sourceTree = "<group>";
		};
/* End PBXGroup section */

/* Begin PBXNativeTarget section */
		EAB2CE121FD01F1E00542946 /* MusicQuizApp */ = {
			isa = PBXNativeTarget;
			buildConfigurationList = EAB2CE251FD01F1F00542946 /* Build configuration list for PBXNativeTarget "MusicQuizApp" */;
			buildPhases = (
				9E6504FFE28FE7FA32008A3D /* [CP] Check Pods Manifest.lock */,
				EAB2CE0F1FD01F1E00542946 /* Sources */,
				EAB2CE101FD01F1E00542946 /* Frameworks */,
				EAB2CE111FD01F1E00542946 /* Resources */,
				114F8DC6EC623C36E8FAD7F1 /* [CP] Embed Pods Frameworks */,
				E06AA586A8E0CE3D98A7C429 /* [CP] Copy Pods Resources */,
			);
			buildRules = (
			);
			dependencies = (
			);
			name = MusicQuizApp;
			productName = MusicQuizApp;
			productReference = EAB2CE131FD01F1E00542946 /* MusicQuizApp.app */;
			productType = "com.apple.product-type.application";
		};
/* End PBXNativeTarget section */

/* Begin PBXProject section */
		EAB2CE0B1FD01F1E00542946 /* Project object */ = {
			isa = PBXProject;
			attributes = {
				LastSwiftUpdateCheck = 0910;
				LastUpgradeCheck = 0910;
				ORGANIZATIONNAME = "Jack Tudor";
				TargetAttributes = {
					EAB2CE121FD01F1E00542946 = {
						CreatedOnToolsVersion = 9.1;
						ProvisioningStyle = Manual;
					};
				};
			};
			buildConfigurationList = EAB2CE0E1FD01F1E00542946 /* Build configuration list for PBXProject "MusicQuizApp" */;
			compatibilityVersion = "Xcode 8.0";
			developmentRegion = en;
			hasScannedForEncodings = 0;
			knownRegions = (
				en,
				Base,
			);
			mainGroup = EAB2CE0A1FD01F1E00542946;
			productRefGroup = EAB2CE141FD01F1E00542946 /* Products */;
			projectDirPath = "";
			projectRoot = "";
			targets = (
				EAB2CE121FD01F1E00542946 /* MusicQuizApp */,
			);
		};
/* End PBXProject section */

/* Begin PBXResourcesBuildPhase section */
		EAB2CE111FD01F1E00542946 /* Resources */ = {
			isa = PBXResourcesBuildPhase;
			buildActionMask = 2147483647;
			files = (
				EAB2CE211FD01F1F00542946 /* LaunchScreen.storyboard in Resources */,
				EAB2CE1E1FD01F1F00542946 /* Assets.xcassets in Resources */,
				EAB2CE301FD096E400542946 /* Noughties.plist in Resources */,
				EAB2CE1C1FD01F1F00542946 /* Main.storyboard in Resources */,
				EA0704A92007DD94002592A2 /* Current Music.plist in Resources */,
			);
			runOnlyForDeploymentPostprocessing = 0;
		};
/* End PBXResourcesBuildPhase section */

/* Begin PBXShellScriptBuildPhase section */
		114F8DC6EC623C36E8FAD7F1 /* [CP] Embed Pods Frameworks */ = {
			isa = PBXShellScriptBuildPhase;
			buildActionMask = 2147483647;
			files = (
			);
			inputPaths = (
				"${SRCROOT}/Pods/Target Support Files/Pods-MusicQuizApp/Pods-MusicQuizApp-frameworks.sh",
				"${BUILT_PRODUCTS_DIR}/Bolts/Bolts.framework",
				"${BUILT_PRODUCTS_DIR}/CardsLayout/CardsLayout.framework",
				"${BUILT_PRODUCTS_DIR}/FBSDKCoreKit/FBSDKCoreKit.framework",
				"${BUILT_PRODUCTS_DIR}/FBSDKLoginKit/FBSDKLoginKit.framework",
				"${BUILT_PRODUCTS_DIR}/FacebookCore/FacebookCore.framework",
				"${BUILT_PRODUCTS_DIR}/FacebookLogin/FacebookLogin.framework",
			);
			name = "[CP] Embed Pods Frameworks";
			outputPaths = (
				"${TARGET_BUILD_DIR}/${FRAMEWORKS_FOLDER_PATH}/Bolts.framework",
				"${TARGET_BUILD_DIR}/${FRAMEWORKS_FOLDER_PATH}/CardsLayout.framework",
				"${TARGET_BUILD_DIR}/${FRAMEWORKS_FOLDER_PATH}/FBSDKCoreKit.framework",
				"${TARGET_BUILD_DIR}/${FRAMEWORKS_FOLDER_PATH}/FBSDKLoginKit.framework",
				"${TARGET_BUILD_DIR}/${FRAMEWORKS_FOLDER_PATH}/FacebookCore.framework",
				"${TARGET_BUILD_DIR}/${FRAMEWORKS_FOLDER_PATH}/FacebookLogin.framework",
			);
			runOnlyForDeploymentPostprocessing = 0;
			shellPath = /bin/sh;
			shellScript = "\"${SRCROOT}/Pods/Target Support Files/Pods-MusicQuizApp/Pods-MusicQuizApp-frameworks.sh\"\n";
			showEnvVarsInLog = 0;
		};
		9E6504FFE28FE7FA32008A3D /* [CP] Check Pods Manifest.lock */ = {
			isa = PBXShellScriptBuildPhase;
			buildActionMask = 2147483647;
			files = (
			);
			inputPaths = (
				"${PODS_PODFILE_DIR_PATH}/Podfile.lock",
				"${PODS_ROOT}/Manifest.lock",
			);
			name = "[CP] Check Pods Manifest.lock";
			outputPaths = (
				"$(DERIVED_FILE_DIR)/Pods-MusicQuizApp-checkManifestLockResult.txt",
			);
			runOnlyForDeploymentPostprocessing = 0;
			shellPath = /bin/sh;
			shellScript = "diff \"${PODS_PODFILE_DIR_PATH}/Podfile.lock\" \"${PODS_ROOT}/Manifest.lock\" > /dev/null\nif [ $? != 0 ] ; then\n    # print error to STDERR\n    echo \"error: The sandbox is not in sync with the Podfile.lock. Run 'pod install' or update your CocoaPods installation.\" >&2\n    exit 1\nfi\n# This output is used by Xcode 'outputs' to avoid re-running this script phase.\necho \"SUCCESS\" > \"${SCRIPT_OUTPUT_FILE_0}\"\n";
			showEnvVarsInLog = 0;
		};
		E06AA586A8E0CE3D98A7C429 /* [CP] Copy Pods Resources */ = {
			isa = PBXShellScriptBuildPhase;
			buildActionMask = 2147483647;
			files = (
			);
			inputPaths = (
				"${SRCROOT}/Pods/Target Support Files/Pods-MusicQuizApp/Pods-MusicQuizApp-resources.sh",
				"${PODS_ROOT}/AccountKit/AccountKitStrings.bundle",
			);
			name = "[CP] Copy Pods Resources";
			outputPaths = (
				"${TARGET_BUILD_DIR}/${UNLOCALIZED_RESOURCES_FOLDER_PATH}",
			);
			runOnlyForDeploymentPostprocessing = 0;
			shellPath = /bin/sh;
			shellScript = "\"${SRCROOT}/Pods/Target Support Files/Pods-MusicQuizApp/Pods-MusicQuizApp-resources.sh\"\n";
			showEnvVarsInLog = 0;
		};
/* End PBXShellScriptBuildPhase section */

/* Begin PBXSourcesBuildPhase section */
		EAB2CE0F1FD01F1E00542946 /* Sources */ = {
			isa = PBXSourcesBuildPhase;
			buildActionMask = 2147483647;
			files = (
				EA3F72F7203D733D0087FA8E /* CategoriesSectionHeader.swift in Sources */,
				EA5C2B9C2025E6EC0000995E /* CategoriesCollectionViewCell.swift in Sources */,
				EAE790A520342B780025C9E2 /* UIViewPopAnimationExtentions.swift in Sources */,
				EAB2CE191FD01F1F00542946 /* MainQuizController.swift in Sources */,
				EAB2CE291FD0486A00542946 /* StartMenuViewController.swift in Sources */,
				EA3F72F3203D6C590087FA8E /* StoryboardIdentifiers.swift in Sources */,
				EA5C2B9E202888B50000995E /* CollectionViewController.swift in Sources */,
				EA601CB71FFE9B1B0090A65D /* QuizCompletedViewController.swift in Sources */,
				EA358170203190F600CC1200 /* UIColor+FontExtentions.swift in Sources */,
				EA3F72F0203C14380087FA8E /* CountingLabel.swift in Sources */,
				EAB2CE171FD01F1E00542946 /* AppDelegate.swift in Sources */,
				EA5A8EE51FEA82000054934C /* DataController.swift in Sources */,
				EA35816D2031902400CC1200 /* LaunchScreenViewController.swift in Sources */,
				EA05D9371FD5422C00F952D0 /* Category.swift in Sources */,
			);
			runOnlyForDeploymentPostprocessing = 0;
		};
/* End PBXSourcesBuildPhase section */

/* Begin PBXVariantGroup section */
		EAB2CE1A1FD01F1F00542946 /* Main.storyboard */ = {
			isa = PBXVariantGroup;
			children = (
				EAB2CE1B1FD01F1F00542946 /* Base */,
			);
			name = Main.storyboard;
			sourceTree = "<group>";
		};
		EAB2CE1F1FD01F1F00542946 /* LaunchScreen.storyboard */ = {
			isa = PBXVariantGroup;
			children = (
				EAB2CE201FD01F1F00542946 /* Base */,
			);
			name = LaunchScreen.storyboard;
			sourceTree = "<group>";
		};
/* End PBXVariantGroup section */

/* Begin XCBuildConfiguration section */
		EAB2CE231FD01F1F00542946 /* Debug */ = {
			isa = XCBuildConfiguration;
			buildSettings = {
				ALWAYS_SEARCH_USER_PATHS = NO;
				CLANG_ANALYZER_NONNULL = YES;
				CLANG_ANALYZER_NUMBER_OBJECT_CONVERSION = YES_AGGRESSIVE;
				CLANG_CXX_LANGUAGE_STANDARD = "gnu++14";
				CLANG_CXX_LIBRARY = "libc++";
				CLANG_ENABLE_MODULES = YES;
				CLANG_ENABLE_OBJC_ARC = YES;
				CLANG_WARN_BLOCK_CAPTURE_AUTORELEASING = YES;
				CLANG_WARN_BOOL_CONVERSION = YES;
				CLANG_WARN_COMMA = YES;
				CLANG_WARN_CONSTANT_CONVERSION = YES;
				CLANG_WARN_DIRECT_OBJC_ISA_USAGE = YES_ERROR;
				CLANG_WARN_DOCUMENTATION_COMMENTS = YES;
				CLANG_WARN_EMPTY_BODY = YES;
				CLANG_WARN_ENUM_CONVERSION = YES;
				CLANG_WARN_INFINITE_RECURSION = YES;
				CLANG_WARN_INT_CONVERSION = YES;
				CLANG_WARN_NON_LITERAL_NULL_CONVERSION = YES;
				CLANG_WARN_OBJC_LITERAL_CONVERSION = YES;
				CLANG_WARN_OBJC_ROOT_CLASS = YES_ERROR;
				CLANG_WARN_RANGE_LOOP_ANALYSIS = YES;
				CLANG_WARN_STRICT_PROTOTYPES = YES;
				CLANG_WARN_SUSPICIOUS_MOVE = YES;
				CLANG_WARN_UNGUARDED_AVAILABILITY = YES_AGGRESSIVE;
				CLANG_WARN_UNREACHABLE_CODE = YES;
				CLANG_WARN__DUPLICATE_METHOD_MATCH = YES;
				CODE_SIGN_IDENTITY = "iPhone Developer";
				COPY_PHASE_STRIP = NO;
				DEBUG_INFORMATION_FORMAT = dwarf;
				ENABLE_STRICT_OBJC_MSGSEND = YES;
				ENABLE_TESTABILITY = YES;
				GCC_C_LANGUAGE_STANDARD = gnu11;
				GCC_DYNAMIC_NO_PIC = NO;
				GCC_NO_COMMON_BLOCKS = YES;
				GCC_OPTIMIZATION_LEVEL = 0;
				GCC_PREPROCESSOR_DEFINITIONS = (
					"DEBUG=1",
					"$(inherited)",
				);
				GCC_WARN_64_TO_32_BIT_CONVERSION = YES;
				GCC_WARN_ABOUT_RETURN_TYPE = YES_ERROR;
				GCC_WARN_UNDECLARED_SELECTOR = YES;
				GCC_WARN_UNINITIALIZED_AUTOS = YES_AGGRESSIVE;
				GCC_WARN_UNUSED_FUNCTION = YES;
				GCC_WARN_UNUSED_VARIABLE = YES;
				IPHONEOS_DEPLOYMENT_TARGET = 11.1;
				MTL_ENABLE_DEBUG_INFO = YES;
				ONLY_ACTIVE_ARCH = YES;
				SDKROOT = iphoneos;
				SWIFT_ACTIVE_COMPILATION_CONDITIONS = DEBUG;
				SWIFT_OPTIMIZATION_LEVEL = "-Onone";
			};
			name = Debug;
		};
		EAB2CE241FD01F1F00542946 /* Release */ = {
			isa = XCBuildConfiguration;
			buildSettings = {
				ALWAYS_SEARCH_USER_PATHS = NO;
				CLANG_ANALYZER_NONNULL = YES;
				CLANG_ANALYZER_NUMBER_OBJECT_CONVERSION = YES_AGGRESSIVE;
				CLANG_CXX_LANGUAGE_STANDARD = "gnu++14";
				CLANG_CXX_LIBRARY = "libc++";
				CLANG_ENABLE_MODULES = YES;
				CLANG_ENABLE_OBJC_ARC = YES;
				CLANG_WARN_BLOCK_CAPTURE_AUTORELEASING = YES;
				CLANG_WARN_BOOL_CONVERSION = YES;
				CLANG_WARN_COMMA = YES;
				CLANG_WARN_CONSTANT_CONVERSION = YES;
				CLANG_WARN_DIRECT_OBJC_ISA_USAGE = YES_ERROR;
				CLANG_WARN_DOCUMENTATION_COMMENTS = YES;
				CLANG_WARN_EMPTY_BODY = YES;
				CLANG_WARN_ENUM_CONVERSION = YES;
				CLANG_WARN_INFINITE_RECURSION = YES;
				CLANG_WARN_INT_CONVERSION = YES;
				CLANG_WARN_NON_LITERAL_NULL_CONVERSION = YES;
				CLANG_WARN_OBJC_LITERAL_CONVERSION = YES;
				CLANG_WARN_OBJC_ROOT_CLASS = YES_ERROR;
				CLANG_WARN_RANGE_LOOP_ANALYSIS = YES;
				CLANG_WARN_STRICT_PROTOTYPES = YES;
				CLANG_WARN_SUSPICIOUS_MOVE = YES;
				CLANG_WARN_UNGUARDED_AVAILABILITY = YES_AGGRESSIVE;
				CLANG_WARN_UNREACHABLE_CODE = YES;
				CLANG_WARN__DUPLICATE_METHOD_MATCH = YES;
				CODE_SIGN_IDENTITY = "iPhone Developer";
				COPY_PHASE_STRIP = NO;
				DEBUG_INFORMATION_FORMAT = "dwarf-with-dsym";
				ENABLE_NS_ASSERTIONS = NO;
				ENABLE_STRICT_OBJC_MSGSEND = YES;
				GCC_C_LANGUAGE_STANDARD = gnu11;
				GCC_NO_COMMON_BLOCKS = YES;
				GCC_WARN_64_TO_32_BIT_CONVERSION = YES;
				GCC_WARN_ABOUT_RETURN_TYPE = YES_ERROR;
				GCC_WARN_UNDECLARED_SELECTOR = YES;
				GCC_WARN_UNINITIALIZED_AUTOS = YES_AGGRESSIVE;
				GCC_WARN_UNUSED_FUNCTION = YES;
				GCC_WARN_UNUSED_VARIABLE = YES;
				IPHONEOS_DEPLOYMENT_TARGET = 11.1;
				MTL_ENABLE_DEBUG_INFO = NO;
				SDKROOT = iphoneos;
				SWIFT_OPTIMIZATION_LEVEL = "-Owholemodule";
				VALIDATE_PRODUCT = YES;
			};
			name = Release;
		};
		EAB2CE261FD01F1F00542946 /* Debug */ = {
			isa = XCBuildConfiguration;
			baseConfigurationReference = 0A83176D66DBE035393183EE /* Pods-MusicQuizApp.debug.xcconfig */;
			buildSettings = {
				ASSETCATALOG_COMPILER_APPICON_NAME = AppIcon;
				CODE_SIGN_STYLE = Manual;
				DEVELOPMENT_TEAM = H2B8SKE378;
				FRAMEWORK_SEARCH_PATHS = (
					"$(inherited)",
					"$(PROJECT_DIR)",
				);
				INFOPLIST_FILE = MusicQuizApp/Info.plist;
				LD_RUNPATH_SEARCH_PATHS = "$(inherited) @executable_path/Frameworks";
				PRODUCT_BUNDLE_IDENTIFIER = com.jacktudor.QuickMusicTrivia;
				PRODUCT_NAME = "$(TARGET_NAME)";
				PROVISIONING_PROFILE = "33b2ef26-86c0-4719-b969-fd2915fd5c59";
				PROVISIONING_PROFILE_SPECIFIER = musicQuiz;
				SWIFT_VERSION = 4.0;
				TARGETED_DEVICE_FAMILY = "1,2";
			};
			name = Debug;
		};
		EAB2CE271FD01F1F00542946 /* Release */ = {
			isa = XCBuildConfiguration;
			baseConfigurationReference = A78DFA0E3F424535EB0D9040 /* Pods-MusicQuizApp.release.xcconfig */;
			buildSettings = {
				ASSETCATALOG_COMPILER_APPICON_NAME = AppIcon;
				CODE_SIGN_STYLE = Manual;
				DEVELOPMENT_TEAM = H2B8SKE378;
				FRAMEWORK_SEARCH_PATHS = (
					"$(inherited)",
					"$(PROJECT_DIR)",
				);
				INFOPLIST_FILE = MusicQuizApp/Info.plist;
				LD_RUNPATH_SEARCH_PATHS = "$(inherited) @executable_path/Frameworks";
				PRODUCT_BUNDLE_IDENTIFIER = com.jacktudor.QuickMusicTrivia;
				PRODUCT_NAME = "$(TARGET_NAME)";
				PROVISIONING_PROFILE = "33b2ef26-86c0-4719-b969-fd2915fd5c59";
				PROVISIONING_PROFILE_SPECIFIER = musicQuiz;
				SWIFT_VERSION = 4.0;
				TARGETED_DEVICE_FAMILY = "1,2";
			};
			name = Release;
		};
/* End XCBuildConfiguration section */

/* Begin XCConfigurationList section */
		EAB2CE0E1FD01F1E00542946 /* Build configuration list for PBXProject "MusicQuizApp" */ = {
			isa = XCConfigurationList;
			buildConfigurations = (
				EAB2CE231FD01F1F00542946 /* Debug */,
				EAB2CE241FD01F1F00542946 /* Release */,
			);
			defaultConfigurationIsVisible = 0;
			defaultConfigurationName = Release;
		};
		EAB2CE251FD01F1F00542946 /* Build configuration list for PBXNativeTarget "MusicQuizApp" */ = {
			isa = XCConfigurationList;
			buildConfigurations = (
				EAB2CE261FD01F1F00542946 /* Debug */,
				EAB2CE271FD01F1F00542946 /* Release */,
			);
			defaultConfigurationIsVisible = 0;
			defaultConfigurationName = Release;
		};
/* End XCConfigurationList section */
	};
	rootObject = EAB2CE0B1FD01F1E00542946 /* Project object */;
}
